
Microsoft Visual Studio Solution File, Format Version 12.00
# Visual Studio Version 17
VisualStudioVersion = 17.5.33414.496
MinimumVisualStudioVersion = 10.0.40219.1
Project("{FAE04EC0-301F-11D3-BF4B-00C04F79EFBC}") = "PROGRAM_2", "PROGRAM_2.csproj", "{7EFB20E9-1B32-4775-92C3-FDBCBEEF00C2}"
EndProject
Global
	GlobalSection(SolutionConfigurationPlatforms) = preSolution
		Debug|Any CPU = Debug|Any CPU
		Release|Any CPU = Release|Any CPU
	EndGlobalSection
	GlobalSection(ProjectConfigurationPlatforms) = postSolution
		{7EFB20E9-1B32-4775-92C3-FDBCBEEF00C2}.Debug|Any CPU.ActiveCfg = Debug|Any CPU
		{7EFB20E9-1B32-4775-92C3-FDBCBEEF00C2}.Debug|Any CPU.Build.0 = Debug|Any CPU
		{7EFB20E9-1B32-4775-92C3-FDBCBEEF00C2}.Release|Any CPU.ActiveCfg = Release|Any CPU
		{7EFB20E9-1B32-4775-92C3-FDBCBEEF00C2}.Release|Any CPU.Build.0 = Release|Any CPU
	EndGlobalSection
	GlobalSection(SolutionProperties) = preSolution
		HideSolutionNode = FALSE
	EndGlobalSection
	GlobalSection(ExtensibilityGlobals) = postSolution
		SolutionGuid = {83703E5B-8FAE-41F5-994D-24A1203F98F7}
	EndGlobalSection
EndGlobal
