
Microsoft Visual Studio Solution File, Format Version 12.00
# Visual Studio Version 17
VisualStudioVersion = 17.5.33414.496
MinimumVisualStudioVersion = 10.0.40219.1
Project("{FAE04EC0-301F-11D3-BF4B-00C04F79EFBC}") = "PROGRAM1", "PROGRAM1.csproj", "{37A5791A-21B4-4A0C-9395-A7EC71A88EE4}"
EndProject
Global
	GlobalSection(SolutionConfigurationPlatforms) = preSolution
		Debug|Any CPU = Debug|Any CPU
		Release|Any CPU = Release|Any CPU
	EndGlobalSection
	GlobalSection(ProjectConfigurationPlatforms) = postSolution
		{37A5791A-21B4-4A0C-9395-A7EC71A88EE4}.Debug|Any CPU.ActiveCfg = Debug|Any CPU
		{37A5791A-21B4-4A0C-9395-A7EC71A88EE4}.Debug|Any CPU.Build.0 = Debug|Any CPU
		{37A5791A-21B4-4A0C-9395-A7EC71A88EE4}.Release|Any CPU.ActiveCfg = Release|Any CPU
		{37A5791A-21B4-4A0C-9395-A7EC71A88EE4}.Release|Any CPU.Build.0 = Release|Any CPU
	EndGlobalSection
	GlobalSection(SolutionProperties) = preSolution
		HideSolutionNode = FALSE
	EndGlobalSection
	GlobalSection(ExtensibilityGlobals) = postSolution
		SolutionGuid = {7EC91D4B-4FC1-4E11-9A8E-9530311DDDB1}
	EndGlobalSection
EndGlobal
